{
    "_readme": [
        "This file locks the dependencies of your project to a known state",
        "Read more about it at https://getcomposer.org/doc/01-basic-usage.md#composer-lock-the-lock-file",
        "This file is @generated automatically"
    ],
    "content-hash": "d4b3945eae40240f09b2d89c380f9999",
    "packages": [
        {
            "name": "leocavalcante/siler",
            "version": "dev-master",
            "source": {
                "type": "git",
                "url": "https://github.com/leocavalcante/siler.git",
                "reference": "107a2e00c7e41288dec0ccbd1789dadad6677bdc"
            },
            "dist": {
                "type": "zip",
                "url": "https://api.github.com/repos/leocavalcante/siler/zipball/107a2e00c7e41288dec0ccbd1789dadad6677bdc",
                "reference": "107a2e00c7e41288dec0ccbd1789dadad6677bdc",
                "shasum": ""
            },
            "require": {
                "php": ">=5.6.0"
            },
            "require-dev": {
                "cboden/ratchet": "*",
                "lcobucci/jwt": "*",
                "phpstan/phpstan": "*",
                "phpunit/phpunit": "*",
                "squizlabs/php_codesniffer": "*",
                "twig/twig": "*",
                "vlucas/phpdotenv": "*",
                "webonyx/graphql-php": "*"
            },
            "suggest": {
                "vlucas/phpdotenv": "Storing configuration in the environment is one of the tenets of a twelve-factor app."
            },
            "type": "library",
            "autoload": {
                "psr-4": {
                    "Siler\\": "src/"
                },
                "files": [
                    "src/Container/Container.php",
                    "src/Dotenv/Dotenv.php",
                    "src/Functional/Monad/Monad.php",
                    "src/Functional/Functional.php",
                    "src/Graphql/Graphql.php",
                    "src/Http/Http.php",
                    "src/Http/Request.php",
                    "src/Http/Response.php",
                    "src/Jwt/Jwt.php",
                    "src/Ratchet/Ratchet.php",
                    "src/Route/Route.php",
                    "src/Twig/Twig.php",
                    "src/Siler.php"
                ]
            },
            "notification-url": "https://packagist.org/downloads/",
            "license": [
                "MIT"
            ],
            "authors": [
                {
                    "name": "leocavalcante",
                    "email": "lc@leocavalcante.com"
                }
            ],
            "description": "Keep it simple, stupid",
            "keywords": [
                "api",
                "framework",
                "micro",
                "router"
            ],
            "time": "2017-03-25 11:41:44"
        },
        {
            "name": "webonyx/graphql-php",
            "version": "v0.9.13",
            "source": {
                "type": "git",
                "url": "https://github.com/webonyx/graphql-php.git",
                "reference": "8fe26a1a21e3a96e470b5712bc9d392239e8308f"
            },
            "dist": {
                "type": "zip",
                "url": "https://api.github.com/repos/webonyx/graphql-php/zipball/8fe26a1a21e3a96e470b5712bc9d392239e8308f",
                "reference": "8fe26a1a21e3a96e470b5712bc9d392239e8308f",
                "shasum": ""
            },
            "require": {
                "ext-mbstring": "*",
                "php": ">=5.4,<8.0-DEV"
            },
            "require-dev": {
                "phpunit/phpunit": "^4.8"
            },
            "suggest": {
                "react/promise": "To use ReactPHP promise adapter"
            },
            "type": "library",
            "autoload": {
                "files": [
                    "src/deprecated.php"
                ],
                "psr-4": {
                    "GraphQL\\": "src/"
                }
            },
            "notification-url": "https://packagist.org/downloads/",
            "license": [
                "BSD"
            ],
            "description": "A PHP port of GraphQL reference implementation",
            "homepage": "https://github.com/webonyx/graphql-php",
            "keywords": [
                "api",
                "graphql"
            ],
            "time": "2017-07-17T17:25:45+00:00"
        }
    ],
    "packages-dev": [],
    "aliases": [],
    "minimum-stability": "stable",
    "stability-flags": {
        "leocavalcante/siler": 20
    },
    "prefer-stable": false,
    "prefer-lowest": false,
    "platform": [],
    "platform-dev": []
}
